
Microsoft Visual Studio Solution File, Format Version 12.00
# Visual Studio Version 17
VisualStudioVersion = 17.7.34024.191
MinimumVisualStudioVersion = 10.0.40219.1
Project("{FAE04EC0-301F-11D3-BF4B-00C04F79EFBC}") = "MagicVilla_API", "MagicVilla_API\MagicVilla_API.csproj", "{64CDCB51-66E1-40CA-8ADC-FF16706525C9}"
EndProject
Global
	GlobalSection(SolutionConfigurationPlatforms) = preSolution
		Debug|Any CPU = Debug|Any CPU
		Release|Any CPU = Release|Any CPU
	EndGlobalSection
	GlobalSection(ProjectConfigurationPlatforms) = postSolution
		{64CDCB51-66E1-40CA-8ADC-FF16706525C9}.Debug|Any CPU.ActiveCfg = Debug|Any CPU
		{64CDCB51-66E1-40CA-8ADC-FF16706525C9}.Debug|Any CPU.Build.0 = Debug|Any CPU
		{64CDCB51-66E1-40CA-8ADC-FF16706525C9}.Release|Any CPU.ActiveCfg = Release|Any CPU
		{64CDCB51-66E1-40CA-8ADC-FF16706525C9}.Release|Any CPU.Build.0 = Release|Any CPU
	EndGlobalSection
	GlobalSection(SolutionProperties) = preSolution
		HideSolutionNode = FALSE
	EndGlobalSection
	GlobalSection(ExtensibilityGlobals) = postSolution
		SolutionGuid = {6CA6266B-163C-443D-9384-21D8692E501D}
	EndGlobalSection
EndGlobal
